
Microsoft Visual Studio Solution File, Format Version 12.00
# Visual Studio Version 16
VisualStudioVersion = 16.0.31424.327
MinimumVisualStudioVersion = 10.0.40219.1
Project("{8BC9CEB8-8B4A-11D0-8D11-00A0C91BC942}") = "Selection Sorting", "Selection Sorting\Selection Sorting.vcxproj", "{3AFD2301-DC99-480A-932D-9822EA56B270}"
EndProject
Global
	GlobalSection(SolutionConfigurationPlatforms) = preSolution
		Debug|x64 = Debug|x64
		Debug|x86 = Debug|x86
		Release|x64 = Release|x64
		Release|x86 = Release|x86
	EndGlobalSection
	GlobalSection(ProjectConfigurationPlatforms) = postSolution
		{3AFD2301-DC99-480A-932D-9822EA56B270}.Debug|x64.ActiveCfg = Debug|x64
		{3AFD2301-DC99-480A-932D-9822EA56B270}.Debug|x64.Build.0 = Debug|x64
		{3AFD2301-DC99-480A-932D-9822EA56B270}.Debug|x86.ActiveCfg = Debug|Win32
		{3AFD2301-DC99-480A-932D-9822EA56B270}.Debug|x86.Build.0 = Debug|Win32
		{3AFD2301-DC99-480A-932D-9822EA56B270}.Release|x64.ActiveCfg = Release|x64
		{3AFD2301-DC99-480A-932D-9822EA56B270}.Release|x64.Build.0 = Release|x64
		{3AFD2301-DC99-480A-932D-9822EA56B270}.Release|x86.ActiveCfg = Release|Win32
		{3AFD2301-DC99-480A-932D-9822EA56B270}.Release|x86.Build.0 = Release|Win32
	EndGlobalSection
	GlobalSection(SolutionProperties) = preSolution
		HideSolutionNode = FALSE
	EndGlobalSection
	GlobalSection(ExtensibilityGlobals) = postSolution
		SolutionGuid = {9F806102-621C-4EBF-87F2-5FAC1A72133B}
	EndGlobalSection
EndGlobal
